// !$*UTF8*$!
{
	archiveVersion = 1;
	classes = {
	};
	objectVersion = 56;
	objects = {

/* Begin PBXBuildFile section */
		117C6E472996990700D138E6 /* BaseViewController.swift in Sources */ = {isa = PBXBuildFile; fileRef = 117C6E462996990700D138E6 /* BaseViewController.swift */; };
		117C6E4B299699D500D138E6 /* BackroundView.swift in Sources */ = {isa = PBXBuildFile; fileRef = 117C6E4A299699D500D138E6 /* BackroundView.swift */; };
		117C6E4F29969B8800D138E6 /* UIView+addView.swift in Sources */ = {isa = PBXBuildFile; fileRef = 117C6E4E29969B8800D138E6 /* UIView+addView.swift */; };
		117C6E5229969C9600D138E6 /* Tab.swift in Sources */ = {isa = PBXBuildFile; fileRef = 117C6E5129969C9600D138E6 /* Tab.swift */; };
		117C6E5C2997DE9200D138E6 /* Configurator.swift in Sources */ = {isa = PBXBuildFile; fileRef = 117C6E5B2997DE9200D138E6 /* Configurator.swift */; };
		117C6E602997DED100D138E6 /* ContentRootView.swift in Sources */ = {isa = PBXBuildFile; fileRef = 117C6E5F2997DED100D138E6 /* ContentRootView.swift */; };
		117C6E622997DEE000D138E6 /* ContentViewController.swift in Sources */ = {isa = PBXBuildFile; fileRef = 117C6E612997DEE000D138E6 /* ContentViewController.swift */; };
		117C6E642997E3B200D138E6 /* BottomView.swift in Sources */ = {isa = PBXBuildFile; fileRef = 117C6E632997E3B200D138E6 /* BottomView.swift */; };
		117C6E672997E4CC00D138E6 /* MiddleView.swift in Sources */ = {isa = PBXBuildFile; fileRef = 117C6E662997E4CC00D138E6 /* MiddleView.swift */; };
		117C6E692997E4D300D138E6 /* TopView.swift in Sources */ = {isa = PBXBuildFile; fileRef = 117C6E682997E4D300D138E6 /* TopView.swift */; };
		117C6E6B29981C9400D138E6 /* CollectionViewCell.swift in Sources */ = {isa = PBXBuildFile; fileRef = 117C6E6A29981C9400D138E6 /* CollectionViewCell.swift */; };
		117C6E702998202D00D138E6 /* ReuseIdentifiable.swift in Sources */ = {isa = PBXBuildFile; fileRef = 117C6E6F2998202D00D138E6 /* ReuseIdentifiable.swift */; };
		117C6E73299825F300D138E6 /* CGFloat+screenSize.swift in Sources */ = {isa = PBXBuildFile; fileRef = 117C6E72299825F300D138E6 /* CGFloat+screenSize.swift */; };
		117C6E752998581500D138E6 /* LeftAlignmentLayout.swift in Sources */ = {isa = PBXBuildFile; fileRef = 117C6E742998581500D138E6 /* LeftAlignmentLayout.swift */; };
		117C6E782998E49400D138E6 /* FontSize.swift in Sources */ = {isa = PBXBuildFile; fileRef = 117C6E772998E49400D138E6 /* FontSize.swift */; };
		117C6E7A2998E83300D138E6 /* OffSet.swift in Sources */ = {isa = PBXBuildFile; fileRef = 117C6E792998E83300D138E6 /* OffSet.swift */; };
		11A665A129967099009ED5FB /* AppDelegate.swift in Sources */ = {isa = PBXBuildFile; fileRef = 11A665A029967099009ED5FB /* AppDelegate.swift */; };
		11A665AA2996709A009ED5FB /* Assets.xcassets in Resources */ = {isa = PBXBuildFile; fileRef = 11A665A92996709A009ED5FB /* Assets.xcassets */; };
		11A665AD2996709A009ED5FB /* LaunchScreen.storyboard in Resources */ = {isa = PBXBuildFile; fileRef = 11A665AB2996709A009ED5FB /* LaunchScreen.storyboard */; };
		11A665D2299674D9009ED5FB /* regular.OTF in Resources */ = {isa = PBXBuildFile; fileRef = 11A665CF299674D9009ED5FB /* regular.OTF */; };
		11A665D3299674D9009ED5FB /* bold.OTF in Resources */ = {isa = PBXBuildFile; fileRef = 11A665D0299674D9009ED5FB /* bold.OTF */; };
		11A665D4299674D9009ED5FB /* medium.OTF in Resources */ = {isa = PBXBuildFile; fileRef = 11A665D1299674D9009ED5FB /* medium.OTF */; };
		11A665D729967793009ED5FB /* Localizable.strings in Resources */ = {isa = PBXBuildFile; fileRef = 11A665D929967793009ED5FB /* Localizable.strings */; };
		11A665DD299677B6009ED5FB /* Fonts.swift in Sources */ = {isa = PBXBuildFile; fileRef = 11A665DA299677B6009ED5FB /* Fonts.swift */; };
		11A665DE299677B6009ED5FB /* Localizable.swift in Sources */ = {isa = PBXBuildFile; fileRef = 11A665DB299677B6009ED5FB /* Localizable.swift */; };
		11A665DF299677B6009ED5FB /* Assets.swift in Sources */ = {isa = PBXBuildFile; fileRef = 11A665DC299677B6009ED5FB /* Assets.swift */; };
		C31F0D68F5C4723B58EB5423 /* BackgroundViewController.swift in Sources */ = {isa = PBXBuildFile; fileRef = 1497C5452C5F42949EB4650F /* BackgroundViewController.swift */; };
/* End PBXBuildFile section */

/* Begin PBXFileReference section */
		117C6E462996990700D138E6 /* BaseViewController.swift */ = {isa = PBXFileReference; lastKnownFileType = sourcecode.swift; path = BaseViewController.swift; sourceTree = "<group>"; };
		117C6E4A299699D500D138E6 /* BackroundView.swift */ = {isa = PBXFileReference; lastKnownFileType = sourcecode.swift; path = BackroundView.swift; sourceTree = "<group>"; };
		117C6E4E29969B8800D138E6 /* UIView+addView.swift */ = {isa = PBXFileReference; lastKnownFileType = sourcecode.swift; path = "UIView+addView.swift"; sourceTree = "<group>"; };
		117C6E5129969C9600D138E6 /* Tab.swift */ = {isa = PBXFileReference; lastKnownFileType = sourcecode.swift; path = Tab.swift; sourceTree = "<group>"; };
		117C6E5B2997DE9200D138E6 /* Configurator.swift */ = {isa = PBXFileReference; lastKnownFileType = sourcecode.swift; path = Configurator.swift; sourceTree = "<group>"; };
		117C6E5F2997DED100D138E6 /* ContentRootView.swift */ = {isa = PBXFileReference; lastKnownFileType = sourcecode.swift; path = ContentRootView.swift; sourceTree = "<group>"; };
		117C6E612997DEE000D138E6 /* ContentViewController.swift */ = {isa = PBXFileReference; lastKnownFileType = sourcecode.swift; path = ContentViewController.swift; sourceTree = "<group>"; };
		117C6E632997E3B200D138E6 /* BottomView.swift */ = {isa = PBXFileReference; lastKnownFileType = sourcecode.swift; path = BottomView.swift; sourceTree = "<group>"; };
		117C6E662997E4CC00D138E6 /* MiddleView.swift */ = {isa = PBXFileReference; lastKnownFileType = sourcecode.swift; path = MiddleView.swift; sourceTree = "<group>"; };
		117C6E682997E4D300D138E6 /* TopView.swift */ = {isa = PBXFileReference; lastKnownFileType = sourcecode.swift; path = TopView.swift; sourceTree = "<group>"; };
		117C6E6A29981C9400D138E6 /* CollectionViewCell.swift */ = {isa = PBXFileReference; lastKnownFileType = sourcecode.swift; path = CollectionViewCell.swift; sourceTree = "<group>"; };
		117C6E6F2998202D00D138E6 /* ReuseIdentifiable.swift */ = {isa = PBXFileReference; lastKnownFileType = sourcecode.swift; path = ReuseIdentifiable.swift; sourceTree = "<group>"; };
		117C6E72299825F300D138E6 /* CGFloat+screenSize.swift */ = {isa = PBXFileReference; lastKnownFileType = sourcecode.swift; path = "CGFloat+screenSize.swift"; sourceTree = "<group>"; };
		117C6E742998581500D138E6 /* LeftAlignmentLayout.swift */ = {isa = PBXFileReference; lastKnownFileType = sourcecode.swift; path = LeftAlignmentLayout.swift; sourceTree = "<group>"; };
		117C6E772998E49400D138E6 /* FontSize.swift */ = {isa = PBXFileReference; lastKnownFileType = sourcecode.swift; path = FontSize.swift; sourceTree = "<group>"; };
		117C6E792998E83300D138E6 /* OffSet.swift */ = {isa = PBXFileReference; lastKnownFileType = sourcecode.swift; path = OffSet.swift; sourceTree = "<group>"; };
		11A6659D29967099009ED5FB /* SerfInternship.app */ = {isa = PBXFileReference; explicitFileType = wrapper.application; includeInIndex = 0; path = SerfInternship.app; sourceTree = BUILT_PRODUCTS_DIR; };
		11A665A029967099009ED5FB /* AppDelegate.swift */ = {isa = PBXFileReference; lastKnownFileType = sourcecode.swift; path = AppDelegate.swift; sourceTree = "<group>"; };
		11A665A92996709A009ED5FB /* Assets.xcassets */ = {isa = PBXFileReference; lastKnownFileType = folder.assetcatalog; path = Assets.xcassets; sourceTree = "<group>"; };
		11A665AC2996709A009ED5FB /* Base */ = {isa = PBXFileReference; lastKnownFileType = file.storyboard; name = Base; path = Base.lproj/LaunchScreen.storyboard; sourceTree = "<group>"; };
		11A665AE2996709A009ED5FB /* Info.plist */ = {isa = PBXFileReference; lastKnownFileType = text.plist.xml; path = Info.plist; sourceTree = "<group>"; };
		11A665CF299674D9009ED5FB /* regular.OTF */ = {isa = PBXFileReference; lastKnownFileType = file; path = regular.OTF; sourceTree = "<group>"; };
		11A665D0299674D9009ED5FB /* bold.OTF */ = {isa = PBXFileReference; lastKnownFileType = file; path = bold.OTF; sourceTree = "<group>"; };
		11A665D1299674D9009ED5FB /* medium.OTF */ = {isa = PBXFileReference; lastKnownFileType = file; path = medium.OTF; sourceTree = "<group>"; };
		11A665D829967793009ED5FB /* en */ = {isa = PBXFileReference; lastKnownFileType = text.plist.strings; name = en; path = en.lproj/Localizable.strings; sourceTree = "<group>"; };
		11A665DA299677B6009ED5FB /* Fonts.swift */ = {isa = PBXFileReference; fileEncoding = 4; lastKnownFileType = sourcecode.swift; path = Fonts.swift; sourceTree = "<group>"; };
		11A665DB299677B6009ED5FB /* Localizable.swift */ = {isa = PBXFileReference; fileEncoding = 4; lastKnownFileType = sourcecode.swift; path = Localizable.swift; sourceTree = "<group>"; };
		11A665DC299677B6009ED5FB /* Assets.swift */ = {isa = PBXFileReference; fileEncoding = 4; lastKnownFileType = sourcecode.swift; path = Assets.swift; sourceTree = "<group>"; };
		1497C5452C5F42949EB4650F /* BackgroundViewController.swift */ = {isa = PBXFileReference; includeInIndex = 1; lastKnownFileType = sourcecode.swift; path = BackgroundViewController.swift; sourceTree = "<group>"; };
/* End PBXFileReference section */

/* Begin PBXFrameworksBuildPhase section */
		11A6659A29967099009ED5FB /* Frameworks */ = {
			isa = PBXFrameworksBuildPhase;
			buildActionMask = 2147483647;
			files = (
			);
			runOnlyForDeploymentPostprocessing = 0;
		};
/* End PBXFrameworksBuildPhase section */

/* Begin PBXGroup section */
		117C6E44299698B600D138E6 /* Helper */ = {
			isa = PBXGroup;
			children = (
				117C6E762998E48500D138E6 /* Constant */,
				117C6E4C29969B5E00D138E6 /* Extension */,
				117C6E45299698E700D138E6 /* Base */,
			);
			path = Helper;
			sourceTree = "<group>";
		};
		117C6E45299698E700D138E6 /* Base */ = {
			isa = PBXGroup;
			children = (
				117C6E462996990700D138E6 /* BaseViewController.swift */,
			);
			path = Base;
			sourceTree = "<group>";
		};
		117C6E48299699A900D138E6 /* Controller */ = {
			isa = PBXGroup;
			children = (
				1497C5452C5F42949EB4650F /* BackgroundViewController.swift */,
			);
			path = Controller;
			sourceTree = "<group>";
		};
		117C6E49299699B700D138E6 /* View */ = {
			isa = PBXGroup;
			children = (
				117C6E4A299699D500D138E6 /* BackroundView.swift */,
			);
			path = View;
			sourceTree = "<group>";
		};
		117C6E4C29969B5E00D138E6 /* Extension */ = {
			isa = PBXGroup;
			children = (
				117C6E71299825BE00D138E6 /* Foundation */,
				117C6E4D29969B6800D138E6 /* UIKit */,
			);
			path = Extension;
			sourceTree = "<group>";
		};
		117C6E4D29969B6800D138E6 /* UIKit */ = {
			isa = PBXGroup;
			children = (
				117C6E72299825F300D138E6 /* CGFloat+screenSize.swift */,
				117C6E4E29969B8800D138E6 /* UIView+addView.swift */,
				117C6E6F2998202D00D138E6 /* ReuseIdentifiable.swift */,
				117C6E742998581500D138E6 /* LeftAlignmentLayout.swift */,
			);
			path = UIKit;
			sourceTree = "<group>";
		};
		117C6E5029969C8400D138E6 /* Model */ = {
			isa = PBXGroup;
			children = (
				117C6E5129969C9600D138E6 /* Tab.swift */,
			);
			path = Model;
			sourceTree = "<group>";
		};
		117C6E582997DE4E00D138E6 /* Content */ = {
			isa = PBXGroup;
			children = (
				117C6E5D2997DEA900D138E6 /* Controller */,
				117C6E5E2997DEB300D138E6 /* View */,
			);
			path = Content;
			sourceTree = "<group>";
		};
		117C6E592997DE6100D138E6 /* Background */ = {
			isa = PBXGroup;
			children = (
				117C6E48299699A900D138E6 /* Controller */,
				117C6E49299699B700D138E6 /* View */,
			);
			path = Background;
			sourceTree = "<group>";
		};
		117C6E5A2997DE8000D138E6 /* Configurator */ = {
			isa = PBXGroup;
			children = (
				117C6E5B2997DE9200D138E6 /* Configurator.swift */,
			);
			path = Configurator;
			sourceTree = "<group>";
		};
		117C6E5D2997DEA900D138E6 /* Controller */ = {
			isa = PBXGroup;
			children = (
				117C6E612997DEE000D138E6 /* ContentViewController.swift */,
			);
			path = Controller;
			sourceTree = "<group>";
		};
		117C6E5E2997DEB300D138E6 /* View */ = {
			isa = PBXGroup;
			children = (
				117C6E6E29981CD200D138E6 /* Root */,
				117C6E6D29981CCC00D138E6 /* Subview */,
				117C6E6C29981CC700D138E6 /* Cell */,
			);
			path = View;
			sourceTree = "<group>";
		};
		117C6E6C29981CC700D138E6 /* Cell */ = {
			isa = PBXGroup;
			children = (
				117C6E6A29981C9400D138E6 /* CollectionViewCell.swift */,
			);
			path = Cell;
			sourceTree = "<group>";
		};
		117C6E6D29981CCC00D138E6 /* Subview */ = {
			isa = PBXGroup;
			children = (
				117C6E682997E4D300D138E6 /* TopView.swift */,
				117C6E662997E4CC00D138E6 /* MiddleView.swift */,
				117C6E632997E3B200D138E6 /* BottomView.swift */,
			);
			path = Subview;
			sourceTree = "<group>";
		};
		117C6E6E29981CD200D138E6 /* Root */ = {
			isa = PBXGroup;
			children = (
				117C6E5F2997DED100D138E6 /* ContentRootView.swift */,
			);
			path = Root;
			sourceTree = "<group>";
		};
		117C6E71299825BE00D138E6 /* Foundation */ = {
			isa = PBXGroup;
			children = (
			);
			path = Foundation;
			sourceTree = "<group>";
		};
		117C6E762998E48500D138E6 /* Constant */ = {
			isa = PBXGroup;
			children = (
				117C6E772998E49400D138E6 /* FontSize.swift */,
				117C6E792998E83300D138E6 /* OffSet.swift */,
			);
			path = Constant;
			sourceTree = "<group>";
		};
		11862FD02996808C00AFB276 /* Application */ = {
			isa = PBXGroup;
			children = (
				11A665A029967099009ED5FB /* AppDelegate.swift */,
			);
			path = Application;
			sourceTree = "<group>";
		};
		11A6659429967099009ED5FB = {
			isa = PBXGroup;
			children = (
				11A6659F29967099009ED5FB /* SerfInternship */,
				11A6659E29967099009ED5FB /* Products */,
			);
			sourceTree = "<group>";
		};
		11A6659E29967099009ED5FB /* Products */ = {
			isa = PBXGroup;
			children = (
				11A6659D29967099009ED5FB /* SerfInternship.app */,
			);
			name = Products;
			sourceTree = "<group>";
		};
		11A6659F29967099009ED5FB /* SerfInternship */ = {
			isa = PBXGroup;
			children = (
				11A665B4299670B1009ED5FB /* Source */,
				11A665B5299670B7009ED5FB /* Resource */,
			);
			path = SerfInternship;
			sourceTree = "<group>";
		};
		11A665B4299670B1009ED5FB /* Source */ = {
			isa = PBXGroup;
			children = (
				11862FD02996808C00AFB276 /* Application */,
				DBB69E2C6BD8C2C542AF3AA0 /* Module */,
				117C6E44299698B600D138E6 /* Helper */,
			);
			path = Source;
			sourceTree = "<group>";
		};
		11A665B5299670B7009ED5FB /* Resource */ = {
			isa = PBXGroup;
			children = (
				11A665B829967142009ED5FB /* Store */,
				11A665CE299674D9009ED5FB /* Font */,
				11A665D929967793009ED5FB /* Localizable.strings */,
				11A665AB2996709A009ED5FB /* LaunchScreen.storyboard */,
				11A665A92996709A009ED5FB /* Assets.xcassets */,
				11A665AE2996709A009ED5FB /* Info.plist */,
			);
			path = Resource;
			sourceTree = "<group>";
		};
		11A665B829967142009ED5FB /* Store */ = {
			isa = PBXGroup;
			children = (
				11A665DC299677B6009ED5FB /* Assets.swift */,
				11A665DA299677B6009ED5FB /* Fonts.swift */,
				11A665DB299677B6009ED5FB /* Localizable.swift */,
			);
			path = Store;
			sourceTree = "<group>";
		};
		11A665CE299674D9009ED5FB /* Font */ = {
			isa = PBXGroup;
			children = (
				11A665CF299674D9009ED5FB /* regular.OTF */,
				11A665D0299674D9009ED5FB /* bold.OTF */,
				11A665D1299674D9009ED5FB /* medium.OTF */,
			);
			path = Font;
			sourceTree = "<group>";
		};
		DBB69E2C6BD8C2C542AF3AA0 /* Module */ = {
			isa = PBXGroup;
			children = (
				117C6E5029969C8400D138E6 /* Model */,
				117C6E5A2997DE8000D138E6 /* Configurator */,
				117C6E582997DE4E00D138E6 /* Content */,
				117C6E592997DE6100D138E6 /* Background */,
			);
			path = Module;
			sourceTree = "<group>";
		};
/* End PBXGroup section */

/* Begin PBXNativeTarget section */
		11A6659C29967099009ED5FB /* SerfInternship */ = {
			isa = PBXNativeTarget;
			buildConfigurationList = 11A665B12996709A009ED5FB /* Build configuration list for PBXNativeTarget "SerfInternship" */;
			buildPhases = (
				11A665B6299670FD009ED5FB /* SwiftLint */,
				11A665B72996710B009ED5FB /* SwiftGen */,
				11A6659929967099009ED5FB /* Sources */,
				11A6659A29967099009ED5FB /* Frameworks */,
				11A6659B29967099009ED5FB /* Resources */,
			);
			buildRules = (
			);
			dependencies = (
			);
			name = SerfInternship;
			productName = SerfInternship;
			productReference = 11A6659D29967099009ED5FB /* SerfInternship.app */;
			productType = "com.apple.product-type.application";
		};
/* End PBXNativeTarget section */

/* Begin PBXProject section */
		11A6659529967099009ED5FB /* Project object */ = {
			isa = PBXProject;
			attributes = {
				BuildIndependentTargetsInParallel = 1;
				LastSwiftUpdateCheck = 1420;
				LastUpgradeCheck = 1420;
				TargetAttributes = {
					11A6659C29967099009ED5FB = {
						CreatedOnToolsVersion = 14.2;
					};
				};
			};
			buildConfigurationList = 11A6659829967099009ED5FB /* Build configuration list for PBXProject "SerfInternship" */;
			compatibilityVersion = "Xcode 14.0";
			developmentRegion = en;
			hasScannedForEncodings = 0;
			knownRegions = (
				en,
				Base,
			);
			mainGroup = 11A6659429967099009ED5FB;
			productRefGroup = 11A6659E29967099009ED5FB /* Products */;
			projectDirPath = "";
			projectRoot = "";
			targets = (
				11A6659C29967099009ED5FB /* SerfInternship */,
			);
		};
/* End PBXProject section */

/* Begin PBXResourcesBuildPhase section */
		11A6659B29967099009ED5FB /* Resources */ = {
			isa = PBXResourcesBuildPhase;
			buildActionMask = 2147483647;
			files = (
				11A665D2299674D9009ED5FB /* regular.OTF in Resources */,
				11A665D729967793009ED5FB /* Localizable.strings in Resources */,
				11A665D4299674D9009ED5FB /* medium.OTF in Resources */,
				11A665AD2996709A009ED5FB /* LaunchScreen.storyboard in Resources */,
				11A665D3299674D9009ED5FB /* bold.OTF in Resources */,
				11A665AA2996709A009ED5FB /* Assets.xcassets in Resources */,
			);
			runOnlyForDeploymentPostprocessing = 0;
		};
/* End PBXResourcesBuildPhase section */

/* Begin PBXShellScriptBuildPhase section */
		11A665B6299670FD009ED5FB /* SwiftLint */ = {
			isa = PBXShellScriptBuildPhase;
			alwaysOutOfDate = 1;
			buildActionMask = 2147483647;
			files = (
			);
			inputFileListPaths = (
			);
			inputPaths = (
			);
			name = SwiftLint;
			outputFileListPaths = (
			);
			outputPaths = (
			);
			runOnlyForDeploymentPostprocessing = 0;
			shellPath = /bin/sh;
			shellScript = "export PATH=\"$PATH:/opt/homebrew/bin\"\nif which swiftlint > /dev/null; then\n  swiftlint && swiftlint --fix\nelse\n  echo \"warning: SwiftLint not installed, download from https://github.com/realm/SwiftLint\"\nfi\n";
		};
		11A665B72996710B009ED5FB /* SwiftGen */ = {
			isa = PBXShellScriptBuildPhase;
			alwaysOutOfDate = 1;
			buildActionMask = 2147483647;
			files = (
			);
			inputFileListPaths = (
			);
			inputPaths = (
			);
			name = SwiftGen;
			outputFileListPaths = (
			);
			outputPaths = (
			);
			runOnlyForDeploymentPostprocessing = 0;
			shellPath = /bin/sh;
			shellScript = "export PATH=\"$PATH:/opt/homebrew/bin\"\n\nif which swiftgen >/dev/null; then\n  swiftgen\nelse\n  echo \"warning: SwiftGen not installed, download it from https://github.com/SwiftGen/SwiftGen\"\nfi\n";
		};
/* End PBXShellScriptBuildPhase section */

/* Begin PBXSourcesBuildPhase section */
		11A6659929967099009ED5FB /* Sources */ = {
			isa = PBXSourcesBuildPhase;
			buildActionMask = 2147483647;
			files = (
				117C6E73299825F300D138E6 /* CGFloat+screenSize.swift in Sources */,
				117C6E7A2998E83300D138E6 /* OffSet.swift in Sources */,
				117C6E702998202D00D138E6 /* ReuseIdentifiable.swift in Sources */,
				117C6E602997DED100D138E6 /* ContentRootView.swift in Sources */,
				117C6E692997E4D300D138E6 /* TopView.swift in Sources */,
				11A665DD299677B6009ED5FB /* Fonts.swift in Sources */,
				11A665DE299677B6009ED5FB /* Localizable.swift in Sources */,
				11A665DF299677B6009ED5FB /* Assets.swift in Sources */,
				117C6E622997DEE000D138E6 /* ContentViewController.swift in Sources */,
				117C6E642997E3B200D138E6 /* BottomView.swift in Sources */,
				117C6E4B299699D500D138E6 /* BackroundView.swift in Sources */,
				11A665A129967099009ED5FB /* AppDelegate.swift in Sources */,
				117C6E782998E49400D138E6 /* FontSize.swift in Sources */,
				117C6E5229969C9600D138E6 /* Tab.swift in Sources */,
				117C6E6B29981C9400D138E6 /* CollectionViewCell.swift in Sources */,
				117C6E752998581500D138E6 /* LeftAlignmentLayout.swift in Sources */,
				117C6E472996990700D138E6 /* BaseViewController.swift in Sources */,
				117C6E4F29969B8800D138E6 /* UIView+addView.swift in Sources */,
				117C6E672997E4CC00D138E6 /* MiddleView.swift in Sources */,
				117C6E5C2997DE9200D138E6 /* Configurator.swift in Sources */,
				C31F0D68F5C4723B58EB5423 /* BackgroundViewController.swift in Sources */,
			);
			runOnlyForDeploymentPostprocessing = 0;
		};
/* End PBXSourcesBuildPhase section */

/* Begin PBXVariantGroup section */
		11A665AB2996709A009ED5FB /* LaunchScreen.storyboard */ = {
			isa = PBXVariantGroup;
			children = (
				11A665AC2996709A009ED5FB /* Base */,
			);
			name = LaunchScreen.storyboard;
			sourceTree = "<group>";
		};
		11A665D929967793009ED5FB /* Localizable.strings */ = {
			isa = PBXVariantGroup;
			children = (
				11A665D829967793009ED5FB /* en */,
			);
			name = Localizable.strings;
			sourceTree = "<group>";
		};
/* End PBXVariantGroup section */

/* Begin XCBuildConfiguration section */
		11A665AF2996709A009ED5FB /* Debug */ = {
			isa = XCBuildConfiguration;
			buildSettings = {
				ALWAYS_SEARCH_USER_PATHS = NO;
				CLANG_ANALYZER_NONNULL = YES;
				CLANG_ANALYZER_NUMBER_OBJECT_CONVERSION = YES_AGGRESSIVE;
				CLANG_CXX_LANGUAGE_STANDARD = "gnu++20";
				CLANG_ENABLE_MODULES = YES;
				CLANG_ENABLE_OBJC_ARC = YES;
				CLANG_ENABLE_OBJC_WEAK = YES;
				CLANG_WARN_BLOCK_CAPTURE_AUTORELEASING = YES;
				CLANG_WARN_BOOL_CONVERSION = YES;
				CLANG_WARN_COMMA = YES;
				CLANG_WARN_CONSTANT_CONVERSION = YES;
				CLANG_WARN_DEPRECATED_OBJC_IMPLEMENTATIONS = YES;
				CLANG_WARN_DIRECT_OBJC_ISA_USAGE = YES_ERROR;
				CLANG_WARN_DOCUMENTATION_COMMENTS = YES;
				CLANG_WARN_EMPTY_BODY = YES;
				CLANG_WARN_ENUM_CONVERSION = YES;
				CLANG_WARN_INFINITE_RECURSION = YES;
				CLANG_WARN_INT_CONVERSION = YES;
				CLANG_WARN_NON_LITERAL_NULL_CONVERSION = YES;
				CLANG_WARN_OBJC_IMPLICIT_RETAIN_SELF = YES;
				CLANG_WARN_OBJC_LITERAL_CONVERSION = YES;
				CLANG_WARN_OBJC_ROOT_CLASS = YES_ERROR;
				CLANG_WARN_QUOTED_INCLUDE_IN_FRAMEWORK_HEADER = YES;
				CLANG_WARN_RANGE_LOOP_ANALYSIS = YES;
				CLANG_WARN_STRICT_PROTOTYPES = YES;
				CLANG_WARN_SUSPICIOUS_MOVE = YES;
				CLANG_WARN_UNGUARDED_AVAILABILITY = YES_AGGRESSIVE;
				CLANG_WARN_UNREACHABLE_CODE = YES;
				CLANG_WARN__DUPLICATE_METHOD_MATCH = YES;
				COPY_PHASE_STRIP = NO;
				DEBUG_INFORMATION_FORMAT = dwarf;
				ENABLE_STRICT_OBJC_MSGSEND = YES;
				ENABLE_TESTABILITY = YES;
				GCC_C_LANGUAGE_STANDARD = gnu11;
				GCC_DYNAMIC_NO_PIC = NO;
				GCC_NO_COMMON_BLOCKS = YES;
				GCC_OPTIMIZATION_LEVEL = 0;
				GCC_PREPROCESSOR_DEFINITIONS = (
					"DEBUG=1",
					"$(inherited)",
				);
				GCC_WARN_64_TO_32_BIT_CONVERSION = YES;
				GCC_WARN_ABOUT_RETURN_TYPE = YES_ERROR;
				GCC_WARN_UNDECLARED_SELECTOR = YES;
				GCC_WARN_UNINITIALIZED_AUTOS = YES_AGGRESSIVE;
				GCC_WARN_UNUSED_FUNCTION = YES;
				GCC_WARN_UNUSED_VARIABLE = YES;
				IPHONEOS_DEPLOYMENT_TARGET = 16.2;
				MTL_ENABLE_DEBUG_INFO = INCLUDE_SOURCE;
				MTL_FAST_MATH = YES;
				ONLY_ACTIVE_ARCH = YES;
				SDKROOT = iphoneos;
				SWIFT_ACTIVE_COMPILATION_CONDITIONS = DEBUG;
				SWIFT_OPTIMIZATION_LEVEL = "-Onone";
			};
			name = Debug;
		};
		11A665B02996709A009ED5FB /* Release */ = {
			isa = XCBuildConfiguration;
			buildSettings = {
				ALWAYS_SEARCH_USER_PATHS = NO;
				CLANG_ANALYZER_NONNULL = YES;
				CLANG_ANALYZER_NUMBER_OBJECT_CONVERSION = YES_AGGRESSIVE;
				CLANG_CXX_LANGUAGE_STANDARD = "gnu++20";
				CLANG_ENABLE_MODULES = YES;
				CLANG_ENABLE_OBJC_ARC = YES;
				CLANG_ENABLE_OBJC_WEAK = YES;
				CLANG_WARN_BLOCK_CAPTURE_AUTORELEASING = YES;
				CLANG_WARN_BOOL_CONVERSION = YES;
				CLANG_WARN_COMMA = YES;
				CLANG_WARN_CONSTANT_CONVERSION = YES;
				CLANG_WARN_DEPRECATED_OBJC_IMPLEMENTATIONS = YES;
				CLANG_WARN_DIRECT_OBJC_ISA_USAGE = YES_ERROR;
				CLANG_WARN_DOCUMENTATION_COMMENTS = YES;
				CLANG_WARN_EMPTY_BODY = YES;
				CLANG_WARN_ENUM_CONVERSION = YES;
				CLANG_WARN_INFINITE_RECURSION = YES;
				CLANG_WARN_INT_CONVERSION = YES;
				CLANG_WARN_NON_LITERAL_NULL_CONVERSION = YES;
				CLANG_WARN_OBJC_IMPLICIT_RETAIN_SELF = YES;
				CLANG_WARN_OBJC_LITERAL_CONVERSION = YES;
				CLANG_WARN_OBJC_ROOT_CLASS = YES_ERROR;
				CLANG_WARN_QUOTED_INCLUDE_IN_FRAMEWORK_HEADER = YES;
				CLANG_WARN_RANGE_LOOP_ANALYSIS = YES;
				CLANG_WARN_STRICT_PROTOTYPES = YES;
				CLANG_WARN_SUSPICIOUS_MOVE = YES;
				CLANG_WARN_UNGUARDED_AVAILABILITY = YES_AGGRESSIVE;
				CLANG_WARN_UNREACHABLE_CODE = YES;
				CLANG_WARN__DUPLICATE_METHOD_MATCH = YES;
				COPY_PHASE_STRIP = NO;
				DEBUG_INFORMATION_FORMAT = "dwarf-with-dsym";
				ENABLE_NS_ASSERTIONS = NO;
				ENABLE_STRICT_OBJC_MSGSEND = YES;
				GCC_C_LANGUAGE_STANDARD = gnu11;
				GCC_NO_COMMON_BLOCKS = YES;
				GCC_WARN_64_TO_32_BIT_CONVERSION = YES;
				GCC_WARN_ABOUT_RETURN_TYPE = YES_ERROR;
				GCC_WARN_UNDECLARED_SELECTOR = YES;
				GCC_WARN_UNINITIALIZED_AUTOS = YES_AGGRESSIVE;
				GCC_WARN_UNUSED_FUNCTION = YES;
				GCC_WARN_UNUSED_VARIABLE = YES;
				IPHONEOS_DEPLOYMENT_TARGET = 16.2;
				MTL_ENABLE_DEBUG_INFO = NO;
				MTL_FAST_MATH = YES;
				SDKROOT = iphoneos;
				SWIFT_COMPILATION_MODE = wholemodule;
				SWIFT_OPTIMIZATION_LEVEL = "-O";
				VALIDATE_PRODUCT = YES;
			};
			name = Release;
		};
		11A665B22996709A009ED5FB /* Debug */ = {
			isa = XCBuildConfiguration;
			buildSettings = {
				ASSETCATALOG_COMPILER_APPICON_NAME = AppIcon;
				ASSETCATALOG_COMPILER_GLOBAL_ACCENT_COLOR_NAME = AccentColor;
				CODE_SIGN_STYLE = Automatic;
				CURRENT_PROJECT_VERSION = 1;
				DEVELOPMENT_TEAM = 3V6USXUV59;
				GENERATE_INFOPLIST_FILE = YES;
				INFOPLIST_FILE = SerfInternship/Resource/Info.plist;
				INFOPLIST_KEY_UIApplicationSupportsIndirectInputEvents = YES;
				INFOPLIST_KEY_UILaunchStoryboardName = LaunchScreen;
				INFOPLIST_KEY_UISupportedInterfaceOrientations = UIInterfaceOrientationPortrait;
				IPHONEOS_DEPLOYMENT_TARGET = 16.0;
				LD_RUNPATH_SEARCH_PATHS = (
					"$(inherited)",
					"@executable_path/Frameworks",
				);
				MARKETING_VERSION = 1.0;
				PRODUCT_BUNDLE_IDENTIFIER = com.nick.SerfInternship;
				PRODUCT_NAME = "$(TARGET_NAME)";
				SWIFT_EMIT_LOC_STRINGS = YES;
				SWIFT_VERSION = 5.0;
				TARGETED_DEVICE_FAMILY = "1,2";
			};
			name = Debug;
		};
		11A665B32996709A009ED5FB /* Release */ = {
			isa = XCBuildConfiguration;
			buildSettings = {
				ASSETCATALOG_COMPILER_APPICON_NAME = AppIcon;
				ASSETCATALOG_COMPILER_GLOBAL_ACCENT_COLOR_NAME = AccentColor;
				CODE_SIGN_STYLE = Automatic;
				CURRENT_PROJECT_VERSION = 1;
				DEVELOPMENT_TEAM = 3V6USXUV59;
				GENERATE_INFOPLIST_FILE = YES;
				INFOPLIST_FILE = SerfInternship/Resource/Info.plist;
				INFOPLIST_KEY_UIApplicationSupportsIndirectInputEvents = YES;
				INFOPLIST_KEY_UILaunchStoryboardName = LaunchScreen;
				INFOPLIST_KEY_UISupportedInterfaceOrientations = UIInterfaceOrientationPortrait;
				IPHONEOS_DEPLOYMENT_TARGET = 16.0;
				LD_RUNPATH_SEARCH_PATHS = (
					"$(inherited)",
					"@executable_path/Frameworks",
				);
				MARKETING_VERSION = 1.0;
				PRODUCT_BUNDLE_IDENTIFIER = com.nick.SerfInternship;
				PRODUCT_NAME = "$(TARGET_NAME)";
				SWIFT_EMIT_LOC_STRINGS = YES;
				SWIFT_VERSION = 5.0;
				TARGETED_DEVICE_FAMILY = "1,2";
			};
			name = Release;
		};
/* End XCBuildConfiguration section */

/* Begin XCConfigurationList section */
		11A6659829967099009ED5FB /* Build configuration list for PBXProject "SerfInternship" */ = {
			isa = XCConfigurationList;
			buildConfigurations = (
				11A665AF2996709A009ED5FB /* Debug */,
				11A665B02996709A009ED5FB /* Release */,
			);
			defaultConfigurationIsVisible = 0;
			defaultConfigurationName = Release;
		};
		11A665B12996709A009ED5FB /* Build configuration list for PBXNativeTarget "SerfInternship" */ = {
			isa = XCConfigurationList;
			buildConfigurations = (
				11A665B22996709A009ED5FB /* Debug */,
				11A665B32996709A009ED5FB /* Release */,
			);
			defaultConfigurationIsVisible = 0;
			defaultConfigurationName = Release;
		};
/* End XCConfigurationList section */
	};
	rootObject = 11A6659529967099009ED5FB /* Project object */;
}
